
Microsoft Visual Studio Solution File, Format Version 12.00
# Visual Studio Version 17
VisualStudioVersion = 17.11.35327.3
MinimumVisualStudioVersion = 10.0.40219.1
Project("{FAE04EC0-301F-11D3-BF4B-00C04F79EFBC}") = "MovieWebApi", "MovieWebApi\MovieWebApi.csproj", "{F9E7C9E4-FB84-45A8-8A81-9EB516CA8EC2}"
EndProject
Project("{FAE04EC0-301F-11D3-BF4B-00C04F79EFBC}") = "MovieDataLayer", "MovieDataLayer\MovieDataLayer.csproj", "{862F787B-73E3-4827-B21D-DB21F56CC3EA}"
EndProject
Project("{FAE04EC0-301F-11D3-BF4B-00C04F79EFBC}") = "MovieUnitTests", "MovieUnitTests\MovieUnitTests.csproj", "{1B4549D5-20F9-4808-A269-755DE2D699D1}"
EndProject
Global
	GlobalSection(SolutionConfigurationPlatforms) = preSolution
		Debug|Any CPU = Debug|Any CPU
		Release|Any CPU = Release|Any CPU
	EndGlobalSection
	GlobalSection(ProjectConfigurationPlatforms) = postSolution
		{F9E7C9E4-FB84-45A8-8A81-9EB516CA8EC2}.Debug|Any CPU.ActiveCfg = Debug|Any CPU
		{F9E7C9E4-FB84-45A8-8A81-9EB516CA8EC2}.Debug|Any CPU.Build.0 = Debug|Any CPU
		{F9E7C9E4-FB84-45A8-8A81-9EB516CA8EC2}.Release|Any CPU.ActiveCfg = Release|Any CPU
		{F9E7C9E4-FB84-45A8-8A81-9EB516CA8EC2}.Release|Any CPU.Build.0 = Release|Any CPU
		{862F787B-73E3-4827-B21D-DB21F56CC3EA}.Debug|Any CPU.ActiveCfg = Debug|Any CPU
		{862F787B-73E3-4827-B21D-DB21F56CC3EA}.Debug|Any CPU.Build.0 = Debug|Any CPU
		{862F787B-73E3-4827-B21D-DB21F56CC3EA}.Release|Any CPU.ActiveCfg = Release|Any CPU
		{862F787B-73E3-4827-B21D-DB21F56CC3EA}.Release|Any CPU.Build.0 = Release|Any CPU
		{1B4549D5-20F9-4808-A269-755DE2D699D1}.Debug|Any CPU.ActiveCfg = Debug|Any CPU
		{1B4549D5-20F9-4808-A269-755DE2D699D1}.Debug|Any CPU.Build.0 = Debug|Any CPU
		{1B4549D5-20F9-4808-A269-755DE2D699D1}.Release|Any CPU.ActiveCfg = Release|Any CPU
		{1B4549D5-20F9-4808-A269-755DE2D699D1}.Release|Any CPU.Build.0 = Release|Any CPU
	EndGlobalSection
	GlobalSection(SolutionProperties) = preSolution
		HideSolutionNode = FALSE
	EndGlobalSection
	GlobalSection(ExtensibilityGlobals) = postSolution
		SolutionGuid = {B24932D9-2358-44E6-9916-BC6AC820AE4E}
	EndGlobalSection
EndGlobal
